
Microsoft Visual Studio Solution File, Format Version 12.00
# Visual Studio 15
VisualStudioVersion = 15.0.25928.0
MinimumVisualStudioVersion = 10.0.40219.1
Project("{FAE04EC0-301F-11D3-BF4B-00C04F79EFBC}") = "PwnVoltaire", "PwnVoltaire\PwnVoltaire.csproj", "{3FD92718-9568-4199-B3D2-6F38156B1B5D}"
EndProject
Global
	GlobalSection(SolutionConfigurationPlatforms) = preSolution
		Debug|Any CPU = Debug|Any CPU
		Release|Any CPU = Release|Any CPU
	EndGlobalSection
	GlobalSection(ProjectConfigurationPlatforms) = postSolution
		{3FD92718-9568-4199-B3D2-6F38156B1B5D}.Debug|Any CPU.ActiveCfg = Debug|Any CPU
		{3FD92718-9568-4199-B3D2-6F38156B1B5D}.Debug|Any CPU.Build.0 = Debug|Any CPU
		{3FD92718-9568-4199-B3D2-6F38156B1B5D}.Release|Any CPU.ActiveCfg = Release|Any CPU
		{3FD92718-9568-4199-B3D2-6F38156B1B5D}.Release|Any CPU.Build.0 = Release|Any CPU
	EndGlobalSection
	GlobalSection(SolutionProperties) = preSolution
		HideSolutionNode = FALSE
	EndGlobalSection
EndGlobal
